{
  "version": 1,
  "lockedAt": "2026-08-17T00:19:03.333Z",
  "skills": {
    "blog": {
      "source": {
        "type": "git",
        "name": "personal",
        "url": "https://github.com/joeharris76/skill-sync-skills.git",
        "ref": "c49764b4d3d4043f016c39011febc8dd487111a6",
        "subdir": "skills",
        "revision": "c49764b4d3d4043f016c39011febc8dd487111a6",
        "fetchedAt": "2026-08-10T15:43:20.288Z"
      },
      "installMode": "mirror",
      "files": {
        "references/audit.md": {
          "sha256": "806b068e9462498ef3e46f7a0a2e122d872ae6bbcf5d013249d3f428dbb37ee1",
          "size": 185
        },
        "references/cleanup.md": {
          "sha256": "a837bc371986456d5eb504067d9557c8d6fad3a83f90dd834d343206801bb4e9",
          "size": 144
        },
        "references/critique.md": {
          "sha256": "2c1a24091169f3327806c8c037cf2e5d8adb2c34b549bd24c6e2dd3ad4f4c9a4",
          "size": 2116
        },
        "references/deformulize.md": {
          "sha256": "17cf904d4fd63b1e1615e6865c77c477f895f5d54a4949039e186c5637a32024",
          "size": 199
        },
        "references/draft.md": {
          "sha256": "2bc7e67782bc8699362ad26700844a15c7184daf794fb4d6d052254f5e28f097",
          "size": 228
        },
        "references/editorial-review.md": {
          "sha256": "86e07271e1172621333c1a1ce46a86eab7de309b19f5e6d8563d6074abc06b66",
          "size": 182
        },
        "references/plan.md": {
          "sha256": "35381b5f9924b22a0a39a9c07be4adfaed1eb926051982c3831b4cc062ff9d09",
          "size": 334
        },
        "references/research.md": {
          "sha256": "313d53a105109c5c624fdf71593389d51703cdbb26d8d37b64549c23a48290a5",
          "size": 333
        },
        "SKILL.md": {
          "sha256": "2b0054f0f787d820bbfd223c176ceef82a7c88dff45c69424de58c058fdcf96a",
          "size": 1837
        },
        "skill.yaml": {
          "sha256": "0b1ef0c325132a4b6de2d719c07337a177e22709048749bfd7940e59f614721f",
          "size": 263
        }
      }
    },
    "code": {
      "source": {
        "type": "git",
        "name": "personal",
        "url": "https://github.com/joeharris76/skill-sync-skills.git",
        "ref": "c49764b4d3d4043f016c39011febc8dd487111a6",
        "subdir": "skills",
        "revision": "c49764b4d3d4043f016c39011febc8dd487111a6",
        "fetchedAt": "2026-08-10T15:43:21.083Z"
      },
      "installMode": "mirror",
      "files": {
        "references/analysis.md": {
          "sha256": "9d7220de017bc316337f8069e4ba24728b9c27a24d7ec6bb9558c876720459bf",
          "size": 353
        },
        "references/compare.md": {
          "sha256": "ad204e332a4e50148a1ca067e63d97e9eb3f34b63e1b67892501b03874769429",
          "size": 794
        },
        "references/five-axis-review.md": {
          "sha256": "d6390083e3bc28e2b575c9e62cd5d938c7ad52391b930bfe3906f876c59c0441",
          "size": 6404
        },
        "references/handoff.md": {
          "sha256": "37ecdbe8e88662d8bda26b8b87412081750ba1e23fb804a68e0803fe7cf7e8c2",
          "size": 695
        },
        "references/implementation.md": {
          "sha256": "d89bf98478d06f927a7aea018ab76b557799d4b8a9a1f2fc66f134698292d51c",
          "size": 934
        },
        "references/iterate.md": {
          "sha256": "f3293cadaf137a5e5bf8dd47e1096072f3622a005a786921c752abea559a89be",
          "size": 1946
        },
        "references/shrink.md": {
          "sha256": "29304d2b2a63d20051c5a7a2eb10978e7bda519ea8c15f48a20d020ca47cf951",
          "size": 745
        },
        "SKILL.md": {
          "sha256": "329d836f50402ccbc6e4f080eeee7236b75c7e1104777ceb37c5224c2b1340d3",
          "size": 2134
        },
        "skill.yaml": {
          "sha256": "fbd59084837d740abc6bad9d5f764cd22c189952f58a3674d43c4c9c6ac1b335",
          "size": 847
        }
      }
    },
    "docs": {
      "source": {
        "type": "git",
        "name": "personal",
        "url": "https://github.com/joeharris76/skill-sync-skills.git",
        "ref": "c49764b4d3d4043f016c39011febc8dd487111a6",
        "subdir": "skills",
        "revision": "c49764b4d3d4043f016c39011febc8dd487111a6",
        "fetchedAt": "2026-08-10T15:43:21.987Z"
      },
      "installMode": "mirror",
      "files": {
        "references/adversarial.md": {
          "sha256": "9443a86129d03aa00c2facb4c504bb541e530cdef7f1e6da647e79e51d791528",
          "size": 167
        },
        "references/build.md": {
          "sha256": "5f7adc15b0b22557f26bf1e29ccf7831737b22d0aa5ddd1868e2ff969ddfecd1",
          "size": 169
        },
        "references/commit.md": {
          "sha256": "794ab65275449b0d10e4cad5d9d4c7342b1b2e1d931c3351334cb47d8be9e924",
          "size": 139
        },
        "references/create.md": {
          "sha256": "aa32e1edca7e1339ed5f95821df6a9015239c248006e6c1e50bd7356f6e54132",
          "size": 171
        },
        "references/review.md": {
          "sha256": "8995cad71c54b59c07c4be1324f7fbe5f75ac7a1c250a96539dfcc7a942f1475",
          "size": 176
        },
        "SKILL.md": {
          "sha256": "89c8178054d76c06245e697e6ffb2b60037fc217efc5b50a340c2a378f6ebbfc",
          "size": 1703
        },
        "skill.yaml": {
          "sha256": "91e992b131f8b460191193968c6897bab85ce13049636d6e388b7925b851206b",
          "size": 179
        }
      }
    },
    "skill-sync": {
      "source": {
        "type": "local",
        "name": "product",
        "path": "skills/skill-sync",
        "fetchedAt": "2026-08-17T00:18:59.135Z"
      },
      "installMode": "mirror",
      "files": {
        "references/operations.md": {
          "sha256": "4835e79ceba1b314be879705cb3b42812fd341486ae0bd1cb2a215b0227b5860",
          "size": 2776
        },
        "SKILL.md": {
          "sha256": "68f73b8880bcf6534e97d2fa1f6b4fb5a6675eb17e8dff7929bd46445717906b",
          "size": 1421
        },
        "skill.yaml": {
          "sha256": "01ece1a29901cca51c02f6042d087f1053b7e22c3d5102458ec8b8bf13436804",
          "size": 219
        }
      }
    },
    "test": {
      "source": {
        "type": "git",
        "name": "personal",
        "url": "https://github.com/joeharris76/skill-sync-skills.git",
        "ref": "c49764b4d3d4043f016c39011febc8dd487111a6",
        "subdir": "skills",
        "revision": "c49764b4d3d4043f016c39011febc8dd487111a6",
        "fetchedAt": "2026-08-10T15:43:22.827Z"
      },
      "installMode": "mirror",
      "files": {
        "references/cleanup.md": {
          "sha256": "de0a4346abacdc800b027d85171bf0778fe5c6fd31f76359b64abb2b9ee4472e",
          "size": 147
        },
        "references/coverage.md": {
          "sha256": "170032b8888fa3a37f26e6d57becdaf31371393d6ed55fa76cf8f1ef0e54b5b3",
          "size": 165
        },
        "references/create.md": {
          "sha256": "6aac824073f93d6f3375acc4ef299f080d51dd909735b65b36883335e1e26140",
          "size": 184
        },
        "references/fix.md": {
          "sha256": "34958400d5b2008a9390a3dba7785abfe4f7b518c2c2c1d91cdf82314c86a646",
          "size": 214
        },
        "references/perf.md": {
          "sha256": "7ce139984b802619008cd8dfe24feb5a1c2aa9c02249e54bd780ecc7cfe546c9",
          "size": 922
        },
        "references/run.md": {
          "sha256": "0b004c21f4578a31a77317ec6115720b49212d66064540ba2509433a5fd528fa",
          "size": 360
        },
        "SKILL.md": {
          "sha256": "15ca63b517f70a6293724c2a006de53c5a819c1d801c015f6446d4f8bff3038b",
          "size": 1554
        },
        "skill.yaml": {
          "sha256": "fbcc75fd86083324492a9e6f95646d362b5b836a73d8c18a84e35b9a2dc72db7",
          "size": 330
        }
      }
    },
    "todo": {
      "source": {
        "type": "git",
        "name": "todo-context-efficiency",
        "url": "https://github.com/joeharris76/skill-sync-skills.git",
        "ref": "e0af1fe8b6751ee7cae42fa7a9adc374d96dd690",
        "subdir": "skills",
        "revision": "e0af1fe8b6751ee7cae42fa7a9adc374d96dd690",
        "fetchedAt": "2026-08-16T22:50:41.410Z"
      },
      "installMode": "mirror",
      "files": {
        "references/batch.md": {
          "sha256": "25a1a8ae5b9d70d4644a1ad87ff7b47f0d2426afcf532d2aa498195bd590a4ee",
          "size": 6430
        },
        "references/bootstrap.md": {
          "sha256": "7b3fbbe13006548df81be94aa7b6d38b177ee1f883b0f5770111c5700f8fa334",
          "size": 3031
        },
        "references/closeout.md": {
          "sha256": "d2bd9ba6965e76020f2184d3aca1434c067bbfaa6dfcb43e1f6f51078af01773",
          "size": 1894
        },
        "references/handoff.md": {
          "sha256": "3c35c0001a14dae4c000750de7ccc75f89ee89daee6bd426a1677c894730dfe9",
          "size": 1657
        },
        "references/ideate.md": {
          "sha256": "119d827f10d4978518265dbf37fafbe57ae5830518f25b083913ed25ff6a8f5e",
          "size": 419
        },
        "references/implement.md": {
          "sha256": "5c3fa90df411bd52d82238e1734a4ea1d8aa2783b76d7071be73a54ff75cf5bd",
          "size": 1166
        },
        "references/prioritize.md": {
          "sha256": "b64e5834547f26e34b1269cadb7d4d04cac7784fddc0c69e20ae97eb9a131529",
          "size": 4494
        },
        "references/queries.md": {
          "sha256": "11ae465326ec08c012ea7beb5aadbd3d5faeee90ad2140a7f8d3a46fd022f724",
          "size": 1829
        },
        "references/review.md": {
          "sha256": "939b1e48cb66346f929d3d538362b252f0f00f689ca4299c64733c22f2621b0a",
          "size": 347
        },
        "references/spec.md": {
          "sha256": "3f0e3bd1c1a061c399bdd75b51cdde2c90c9f9fbc3394a0d0aeff14258c12474",
          "size": 463
        },
        "SKILL.md": {
          "sha256": "4f039e8b410b0150748a2da619bacc07d7020ac86c163bfe8fc038bdef17bf4e",
          "size": 3844
        },
        "skill.yaml": {
          "sha256": "e2c0b40d9935492621e6d21ab216a6227f4bae8f3808ed004d995d0f1b5bbff3",
          "size": 213
        }
      }
    },
    "tidy-perms": {
      "source": {
        "type": "git",
        "name": "personal",
        "url": "https://github.com/joeharris76/skill-sync-skills.git",
        "ref": "c49764b4d3d4043f016c39011febc8dd487111a6",
        "subdir": "skills",
        "revision": "c49764b4d3d4043f016c39011febc8dd487111a6",
        "fetchedAt": "2026-08-10T15:43:24.526Z"
      },
      "installMode": "mirror",
      "files": {
        "references/audit.md": {
          "sha256": "351e930fcb1df92b896c38395c42cea0e0a4b5f7b2379a2482fb608f9e5b3a55",
          "size": 773
        },
        "references/consolidate.md": {
          "sha256": "07f70619c416fa4f894c69f9a88e404ca5d9ee0149962298a33666ce08b94d7b",
          "size": 963
        },
        "references/permissions-model.md": {
          "sha256": "0730ce883ad1f8aa0c004c6bf0d07ceeb0cd7f1c52a580499878eb5114778da7",
          "size": 1413
        },
        "SKILL.md": {
          "sha256": "4d5668bca9bfbf274523034315e472bee3891b60ed47ed151c1c06e152434850",
          "size": 1178
        },
        "skill.yaml": {
          "sha256": "6d78cd1a38c54d7c83954e28c997e980ed0e5cd02a5b190c2c2cd38663cb21c5",
          "size": 405
        }
      }
    },
    "SHARED/review-protocol": {
      "source": {
        "type": "git",
        "name": "personal",
        "url": "https://github.com/joeharris76/skill-sync-skills.git",
        "ref": "c49764b4d3d4043f016c39011febc8dd487111a6",
        "subdir": "skills",
        "revision": "c49764b4d3d4043f016c39011febc8dd487111a6",
        "fetchedAt": "2026-08-10T15:43:26.687Z"
      },
      "installMode": "mirror",
      "files": {
        "SKILL.md": {
          "sha256": "9214a76eec0e590ea29cb276ce23c4661e882173c6908e58ce70f84447bd7d62",
          "size": 4448
        },
        "skill.yaml": {
          "sha256": "187c448569159314ce05ce063ab529bf4509cae7faa37ce7fab57b4d306360c9",
          "size": 224
        }
      }
    },
    "SHARED/change-framework": {
      "source": {
        "type": "git",
        "name": "personal",
        "url": "https://github.com/joeharris76/skill-sync-skills.git",
        "ref": "c49764b4d3d4043f016c39011febc8dd487111a6",
        "subdir": "skills",
        "revision": "c49764b4d3d4043f016c39011febc8dd487111a6",
        "fetchedAt": "2026-08-10T15:43:25.215Z"
      },
      "installMode": "mirror",
      "files": {
        "SKILL.md": {
          "sha256": "81958c67c12a5eddf3c9e001d3f750d1fdf3b0c831c09148f8f2e6f86aa87e2f",
          "size": 4925
        },
        "skill.yaml": {
          "sha256": "39b007a53d9126d3fe4e8938a67d616a52be210a82ba211753afa92a073d06bd",
          "size": 78
        }
      }
    },
    "SHARED/investigation-framework": {
      "source": {
        "type": "git",
        "name": "personal",
        "url": "https://github.com/joeharris76/skill-sync-skills.git",
        "ref": "c49764b4d3d4043f016c39011febc8dd487111a6",
        "subdir": "skills",
        "revision": "c49764b4d3d4043f016c39011febc8dd487111a6",
        "fetchedAt": "2026-08-10T15:43:25.949Z"
      },
      "installMode": "mirror",
      "files": {
        "SKILL.md": {
          "sha256": "2ce7f123824ed7b0a590d07c816237884799dcca0eeb338a6a4a5fbbc1a01540",
          "size": 7298
        },
        "skill.yaml": {
          "sha256": "cf2949bf1f6abaf42f3a7aef998fe86e89c07856b69636286a1c0ef66ac22b0e",
          "size": 114
        }
      }
    }
  }
}
